// !$*UTF8*$!
{
 archiveVersion = 1;
 classes = {};
 objectVersion = 56;
 objects = {
  01DD38CB6FBE47A2742DD5D8 = { "isa" = "PBXBuildFile"; "fileRef" = C9B88643940160EB204F0EFE; };
  041C54B6C1DE504697F217D5 = { "isa" = "PBXBuildFile"; "fileRef" = CDF317B97C356A919083707B; };
  091DD5BC5A72490E6626496F = { "isa" = "PBXBuildFile"; "fileRef" = B78B2F76E8B2ADECED1B1885; };
  092FF25E024CF98D7AC46B38 = { "isa" = "PBXBuildFile"; "fileRef" = DCE991BDD4A90A90B40AC944; };
  0CE3FB1A776E3727A5BD7FB1 = { "isa" = "PBXFileReference"; "lastKnownFileType" = "sourcecode.swift"; "path" = "FreeBBS/Core/Models.swift"; "sourceTree" = "<group>"; };
  1185B43412C8574FAEFE992E = { "isa" = "PBXFileReference"; "lastKnownFileType" = "sourcecode.swift"; "path" = "FreeBBSTests/LaboratoryTests.swift"; "sourceTree" = "<group>"; };
  129B21EE74E86C92CE049B57 = { "isa" = "PBXBuildFile"; "fileRef" = 5B82A8A8C623A76A6F8835FB; };
  137550336FE5009F359DDF74 = { "isa" = "PBXFileReference"; "lastKnownFileType" = "sourcecode.swift"; "path" = "FreeBBS/Core/WebPreferences.swift"; "sourceTree" = "<group>"; };
  16BB19B4CF4284C66A3C70AA = { "isa" = "PBXBuildFile"; "fileRef" = 3CB606A6BAF0B5E9520443CD; };
  16BCAEECBEDEF977A6927A9C = { "isa" = "PBXResourcesBuildPhase"; "buildActionMask" = 2147483647; "files" = (091DD5BC5A72490E6626496F, BB7FF207CECCD79B8EC76D6C, C91EA325693B3AF664815970, 852215408F40CBB022797999, 8C2455277888E1E451DC3693, 6B84F27BFA989DA65D6E29C3, 3943DAEFF295D1ABA831EB45, 459177AAAD2D475AB8D25B59, BAD92D198C56FC648B75FACA, 9392534D0A3662BBFB9FC154, E7C7F2499A57E6315AB3DAA4, 260FCE308810703E4983821C, 5F089E65F6FD0781B1BEEEB2, 4794F2280311A1DEB7AE3033, 2E30C1B710C293795EAEB927, 6281EC08F9E63C45535B19CD, 5FE669C92DBC1CB12D2BB972,); "runOnlyForDeploymentPostprocessing" = 0; };
  1848FE8ABB13E07658B6BCF1 = { "isa" = "PBXSourcesBuildPhase"; "buildActionMask" = 2147483647; "files" = (F8CB133804DFFF3C6CCD3F4B,); "runOnlyForDeploymentPostprocessing" = 0; };
  1987F4158DD7EC055EC2DF6B = { "isa" = "PBXFileReference"; "lastKnownFileType" = "sourcecode.swift"; "path" = "FreeBBS/Views/NativeGuideView.swift"; "sourceTree" = "<group>"; };
  1A4D773DA1FF841B05483DEA = { "isa" = "XCConfigurationList"; "buildConfigurations" = (451D15B2E4182FDD74293A47, 399E0DEFF0CA0943C2A86F01,); "defaultConfigurationIsVisible" = 0; "defaultConfigurationName" = "Release"; };
  1B0121B4EC924BFAF6FD87A0 = { "isa" = "PBXFileReference"; "lastKnownFileType" = "sourcecode.swift"; "path" = "FreeBBS/Views/NativeEconomyView.swift"; "sourceTree" = "<group>"; };
  1B3004AF7C05DDC1221C8063 = { "isa" = "XCBuildConfiguration"; "name" = "Release"; "buildSettings" = { "PRODUCT_NAME" = "$(TARGET_NAME)"; "SDKROOT" = "iphoneos"; "SUPPORTED_PLATFORMS" = "iphoneos iphonesimulator"; "SWIFT_VERSION" = "6.0"; "IPHONEOS_DEPLOYMENT_TARGET" = "26.0"; "TARGETED_DEVICE_FAMILY" = "1"; "CODE_SIGN_STYLE" = "Automatic"; "DEVELOPMENT_TEAM" = "Q83556V27Y"; "SWIFT_STRICT_CONCURRENCY" = "complete"; "INFOPLIST_FILE" = "FreeBBS/Resources/Info.plist"; "GENERATE_INFOPLIST_FILE" = "NO"; "ASSETCATALOG_COMPILER_APPICON_NAME" = "FreeBBSIcon"; "ASSETCATALOG_COMPILER_GLOBAL_ACCENT_COLOR_NAME" = "AccentColor"; "ENABLE_PREVIEWS" = "YES"; "SWIFT_EMIT_LOC_STRINGS" = "YES"; "SWIFT_OPTIMIZATION_LEVEL" = "-O"; "DEBUG_INFORMATION_FORMAT" = "dwarf-with-dsym"; }; "baseConfigurationReference" = 9788083BD201345E7D7C8B3C; };
  1C6332C759B35B5B3487F3CD = { "isa" = "XCBuildConfiguration"; "name" = "Debug"; "buildSettings" = { "CLANG_ENABLE_MODULES" = "YES"; "ENABLE_TESTABILITY" = "YES"; "SWIFT_VERSION" = "6.0"; "SWIFT_STRICT_CONCURRENCY" = "complete"; "GCC_PREPROCESSOR_DEFINITIONS" = ("$(inherited)",); }; };
  1CA3EA18E0BEF9E29C5E0783 = { "isa" = "PBXBuildFile"; "fileRef" = FF5E5BDF5B796484E5C20E5C; };
  21CD53300D8590ACC6721FB9 = { "isa" = "PBXFileReference"; "lastKnownFileType" = "sourcecode.swift"; "path" = "FreeBBS/Views/FeaturesView.swift"; "sourceTree" = "<group>"; };
  234A3E844ECE2B1C3AB488C1 = { "isa" = "PBXBuildFile"; "fileRef" = E7D392C02DD0D396FFE2D932; };
  260FCE308810703E4983821C = { "isa" = "PBXBuildFile"; "fileRef" = 49FECAA6635186CCE50A11F0; };
  275BC119FD61E39F64B8A586 = { "isa" = "PBXBuildFile"; "fileRef" = 4E23C8AADCB953B67D09DB16; };
  279E1D15C83ACF3D569E4B7A = { "isa" = "PBXBuildFile"; "fileRef" = B16B665C32E3139DF34D70AC; };
  27D674E14D53DBDE0A00BECF = { "isa" = "PBXBuildFile"; "fileRef" = 1185B43412C8574FAEFE992E; };
  290A7094CA9BE512B1E34087 = { "isa" = "PBXFileReference"; "lastKnownFileType" = "text"; "path" = "FreeBBS/Resources/FeatureCatalog.json"; "sourceTree" = "<group>"; };
  29B37DE6CAD7DB52674EB081 = { "isa" = "PBXFileReference"; "lastKnownFileType" = "sourcecode.swift"; "path" = "FreeBBS/Views/MarkdownDocumentPicker.swift"; "sourceTree" = "<group>"; };
  2AB09AE9155120AFBA106F1B = { "isa" = "PBXFileReference"; "lastKnownFileType" = "text"; "path" = "FreeBBS/Resources/PrivacyPolicy.md"; "sourceTree" = "<group>"; };
  2D83A5068079BD2F43ECE7CF = { "isa" = "PBXBuildFile"; "fileRef" = C7671684133A5C3B6CC3C6A2; };
  2E05768812BDA65133A5A111 = { "isa" = "PBXNativeTarget"; "buildConfigurationList" = BEA1D2B1F9E6719D716C8C3E; "buildPhases" = (74241704E015CAAFFA4925BC, C5E9C8CD2CCFB9CFDCB3F0C7, 16BCAEECBEDEF977A6927A9C,); "buildRules" = (); "dependencies" = (); "name" = "FreeBBS"; "productName" = "FreeBBS"; "productReference" = A6512D7F18C2A2006F723880; "productType" = "com.apple.product-type.application"; };
  2E30C1B710C293795EAEB927 = { "isa" = "PBXBuildFile"; "fileRef" = 5580CB64DA846E5BADFA7166; };
  2EFE392C128BE1A186FE4BD6 = { "isa" = "PBXBuildFile"; "fileRef" = 972B9CA72F6146BF05D08BD2; };
  2F0AF847E36E11CC8C73A615 = { "isa" = "PBXBuildFile"; "fileRef" = 137550336FE5009F359DDF74; };
  2F4086C711BD1682266D7BD8 = { "isa" = "PBXFileReference"; "lastKnownFileType" = "sourcecode.swift"; "path" = "FreeBBS/Core/CheckIn.swift"; "sourceTree" = "<group>"; };
  320CEB88DCEF53BB785DD61A = { "isa" = "PBXBuildFile"; "fileRef" = 9B64514127C73E95F1CF846B; };
  32649FD4EDE3F9FE76079C91 = { "isa" = "PBXBuildFile"; "fileRef" = 5355DC67F27658226A93783E; };
  32C43B717CCC201B0AC63125 = { "isa" = "PBXBuildFile"; "fileRef" = 6AB6980F1E2B959B93DE8F5D; };
  3795E2CC5419718BFA467AE7 = { "isa" = "PBXFileReference"; "lastKnownFileType" = "sourcecode.swift"; "path" = "FreeBBSTests/CosmeticsTests.swift"; "sourceTree" = "<group>"; };
  3943DAEFF295D1ABA831EB45 = { "isa" = "PBXBuildFile"; "fileRef" = DD294354645CED6A8C450D02; };
  394A172C91BE91E47AFA6FC5 = { "isa" = "PBXBuildFile"; "fileRef" = 685E48065A5B0A82EAD7962D; };
  396B24F25CBBA3A2983F0877 = { "isa" = "XCBuildConfiguration"; "name" = "Release"; "buildSettings" = { "PRODUCT_NAME" = "$(TARGET_NAME)"; "SDKROOT" = "iphoneos"; "SUPPORTED_PLATFORMS" = "iphoneos iphonesimulator"; "SWIFT_VERSION" = "6.0"; "IPHONEOS_DEPLOYMENT_TARGET" = "26.0"; "TARGETED_DEVICE_FAMILY" = "1"; "CODE_SIGN_STYLE" = "Automatic"; "DEVELOPMENT_TEAM" = "Q83556V27Y"; "SWIFT_STRICT_CONCURRENCY" = "complete"; "PRODUCT_BUNDLE_IDENTIFIER" = "cn.free-bbs.app.FreeBBSTests"; "GENERATE_INFOPLIST_FILE" = "YES"; "TEST_HOST" = "$(BUILT_PRODUCTS_DIR)/FreeBBS.app/$(BUNDLE_EXECUTABLE_FOLDER_PATH)/FreeBBS"; "BUNDLE_LOADER" = "$(TEST_HOST)"; "SWIFT_OPTIMIZATION_LEVEL" = "-O"; "DEBUG_INFORMATION_FORMAT" = "dwarf-with-dsym"; }; };
  399E0DEFF0CA0943C2A86F01 = { "isa" = "XCBuildConfiguration"; "name" = "Release"; "buildSettings" = { "PRODUCT_NAME" = "$(TARGET_NAME)"; "SDKROOT" = "iphoneos"; "SUPPORTED_PLATFORMS" = "iphoneos iphonesimulator"; "SWIFT_VERSION" = "6.0"; "IPHONEOS_DEPLOYMENT_TARGET" = "26.0"; "TARGETED_DEVICE_FAMILY" = "1"; "CODE_SIGN_STYLE" = "Automatic"; "DEVELOPMENT_TEAM" = "Q83556V27Y"; "SWIFT_STRICT_CONCURRENCY" = "complete"; "PRODUCT_BUNDLE_IDENTIFIER" = "cn.free-bbs.app.FreeBBSUITests"; "GENERATE_INFOPLIST_FILE" = "YES"; "TEST_TARGET_NAME" = "FreeBBS"; "SWIFT_OPTIMIZATION_LEVEL" = "-O"; "DEBUG_INFORMATION_FORMAT" = "dwarf-with-dsym"; }; };
  3CB606A6BAF0B5E9520443CD = { "isa" = "PBXFileReference"; "lastKnownFileType" = "sourcecode.swift"; "path" = "FreeBBS/Views/NativeDiscussionBoardsView.swift"; "sourceTree" = "<group>"; };
  3EB96E935745B41ADAF963EC = { "isa" = "PBXBuildFile"; "fileRef" = 71E5C89C83D96960CD8CF50A; };
  41A162D56EE5EAB00C5D04CE = { "isa" = "PBXBuildFile"; "fileRef" = 9A22D17A04D4D3586434F6D0; };
  44B31F8A174CD1EBCA48C3B5 = { "isa" = "PBXFileReference"; "lastKnownFileType" = "sourcecode.swift"; "path" = "FreeBBS/Views/NativeAdminPublication.swift"; "sourceTree" = "<group>"; };
  451D15B2E4182FDD74293A47 = { "isa" = "XCBuildConfiguration"; "name" = "Debug"; "buildSettings" = { "PRODUCT_NAME" = "$(TARGET_NAME)"; "SDKROOT" = "iphoneos"; "SUPPORTED_PLATFORMS" = "iphoneos iphonesimulator"; "SWIFT_VERSION" = "6.0"; "IPHONEOS_DEPLOYMENT_TARGET" = "26.0"; "TARGETED_DEVICE_FAMILY" = "1"; "CODE_SIGN_STYLE" = "Automatic"; "DEVELOPMENT_TEAM" = "Q83556V27Y"; "SWIFT_STRICT_CONCURRENCY" = "complete"; "PRODUCT_BUNDLE_IDENTIFIER" = "cn.free-bbs.app.FreeBBSUITests"; "GENERATE_INFOPLIST_FILE" = "YES"; "TEST_TARGET_NAME" = "FreeBBS"; "SWIFT_OPTIMIZATION_LEVEL" = "-Onone"; "SWIFT_ACTIVE_COMPILATION_CONDITIONS" = "DEBUG $(inherited)"; }; };
  459177AAAD2D475AB8D25B59 = { "isa" = "PBXBuildFile"; "fileRef" = F5BFA0E8E5DA8C9F89F3871C; };
  466B31B77CBFE2021AA0DEC0 = { "isa" = "PBXFileReference"; "lastKnownFileType" = "sourcecode.swift"; "path" = "FreeBBS/Views/NativeSurveysView.swift"; "sourceTree" = "<group>"; };
  46FDE3CA9260AB3B1278479D = { "isa" = "PBXBuildFile"; "fileRef" = E3AF2305E4CE9792892BD548; };
  4794F2280311A1DEB7AE3033 = { "isa" = "PBXBuildFile"; "fileRef" = 290A7094CA9BE512B1E34087; };
  48B11EC936A751C55CE8BFF8 = { "isa" = "PBXBuildFile"; "fileRef" = C19E1778819B60759422019B; };
  49B7B1B148BC53E75E7A5989 = { "isa" = "PBXFileReference"; "lastKnownFileType" = "sourcecode.swift"; "path" = "FreeBBS/Views/CircuitParametersView.swift"; "sourceTree" = "<group>"; };
  49C4038FD63DD5F3AC33F284 = { "isa" = "PBXContainerItemProxy"; "containerPortal" = 98F54143AB4E86B28C3AFEE0; "proxyType" = 1; "remoteGlobalIDString" = 2E05768812BDA65133A5A111; "remoteInfo" = "FreeBBS"; };
  49FECAA6635186CCE50A11F0 = { "isa" = "PBXFileReference"; "lastKnownFileType" = "text"; "path" = "FreeBBS/Resources/NativeRanchScene.js"; "sourceTree" = "<group>"; };
  4D06FC8B7E22D28BF1F181CD = { "isa" = "PBXContainerItemProxy"; "containerPortal" = 98F54143AB4E86B28C3AFEE0; "proxyType" = 1; "remoteGlobalIDString" = 2E05768812BDA65133A5A111; "remoteInfo" = "FreeBBS"; };
  4D0FAFC8A237F514725BE980 = { "isa" = "PBXBuildFile"; "fileRef" = 9687739116B4FEAA3FF5E9C1; };
  4D4CA017654F07C17CF1478F = { "isa" = "PBXBuildFile"; "fileRef" = 466B31B77CBFE2021AA0DEC0; };
  4DDF004BF5746280C345B3E9 = { "isa" = "PBXResourcesBuildPhase"; "buildActionMask" = 2147483647; "files" = (); "runOnlyForDeploymentPostprocessing" = 0; };
  4DE15C6384D526C881C3A2C6 = { "isa" = "PBXFileReference"; "lastKnownFileType" = "sourcecode.swift"; "path" = "FreeBBS/Views/RichContentView.swift"; "sourceTree" = "<group>"; };
  4E23C8AADCB953B67D09DB16 = { "isa" = "PBXFileReference"; "lastKnownFileType" = "sourcecode.swift"; "path" = "FreeBBS/Views/Components.swift"; "sourceTree" = "<group>"; };
  4EF0DD36043968EEA054FEF4 = { "isa" = "PBXBuildFile"; "fileRef" = A3FE9AF90E22C7C045191E61; };
  4F40A4F3B6E80228A593FE62 = { "isa" = "PBXFileReference"; "lastKnownFileType" = "sourcecode.swift"; "path" = "FreeBBSTests/CheckInTests.swift"; "sourceTree" = "<group>"; };
  4FB5E5209AADA9BFB112340E = { "isa" = "PBXFileReference"; "lastKnownFileType" = "sourcecode.swift"; "path" = "FreeBBS/Views/NativeSettingsView.swift"; "sourceTree" = "<group>"; };
  5019F98606B7E172C3DB44B7 = { "isa" = "PBXBuildFile"; "fileRef" = C7FF8FBAD1D1C462691867AC; };
  5196632A1D4052878CF57861 = { "isa" = "PBXGroup"; "name" = "FreeBBS"; "children" = (9B64514127C73E95F1CF846B, CDF317B97C356A919083707B, 5F84BEF06132A2A04F4E7CCD, 2F4086C711BD1682266D7BD8, 86C5AEDB10E74E00FB9EBF71, B9A6FA43638748DD975FC9CD, AE4071DC2D6AB1858074E5F8, 9F7B8E68CC60063E3B01BF68, FF5E5BDF5B796484E5C20E5C, 6BF6618C514BD91C32C5182E, 0CE3FB1A776E3727A5BD7FB1, 71E5C89C83D96960CD8CF50A, E583C00251DED1F052D3EEE5, D460B433ACDF83E2AF7DAE43, 9B34B44F8980C877256C71C7, 137550336FE5009F359DDF74, DF0380243983619827B9936C, BEF4F04FE68B8ECE188C6D8A, 97F03075749B981F87097E58, CC21AA63552D452DE0EA4189, 49B7B1B148BC53E75E7A5989, 4E23C8AADCB953B67D09DB16, C9B88643940160EB204F0EFE, 9687739116B4FEAA3FF5E9C1, A8F68E045ED7FC27DB347F9A, AB4C7652F2F48FF9C3AD1734, 5B82A8A8C623A76A6F8835FB, 21CD53300D8590ACC6721FB9, 77D532987173302B3E858D52, 6AB6980F1E2B959B93DE8F5D, 8AC553A77F956C51155453E6, DCE991BDD4A90A90B40AC944, 29B37DE6CAD7DB52674EB081, 44B31F8A174CD1EBCA48C3B5, 9A22D17A04D4D3586434F6D0, E7D392C02DD0D396FFE2D932, B1ACC40AC9E12EB4E5C3C61C, 61C8D3BFE31FDEE1820CB451, C19E1778819B60759422019B, E130FF60A859B53D0497E56A, 3CB606A6BAF0B5E9520443CD, C7FF8FBAD1D1C462691867AC, 1B0121B4EC924BFAF6FD87A0, 1987F4158DD7EC055EC2DF6B, A191B12A35D32BB23BF54C38, 5C96851814F5E25CC0E098CB, F013D33032151CB791D1B3F0, C7671684133A5C3B6CC3C6A2, 992182B26BFA6C903A830A8C, 972B9CA72F6146BF05D08BD2, 5355DC67F27658226A93783E, 4FB5E5209AADA9BFB112340E, 466B31B77CBFE2021AA0DEC0, 87C3092DADF4898D1FF8CA85, A5DBDC4ECAD3378B27A6D465, E3AF2305E4CE9792892BD548, 835D5FE6A905C487019883D9, 4DE15C6384D526C881C3A2C6, B16B665C32E3139DF34D70AC, CEEB980ACE284FBE4A64A4A3, B78B2F76E8B2ADECED1B1885, 93BFDC99A0AAE836274D190D, F41B5040D13CE984B8E471CA, 2AB09AE9155120AFBA106F1B, 680BD058E884D42F1F657BE7, F4C10C55DADFEBDFDBFF6199, DD294354645CED6A8C450D02, F5BFA0E8E5DA8C9F89F3871C, F2A1A9881594308BDC9EE5DE, 9C05140497DEFC3DCE55E344, 7E19F91BCBACC83DB0551D42, 49FECAA6635186CCE50A11F0, DA43D910FDD5C45E153CD524, 290A7094CA9BE512B1E34087, 5580CB64DA846E5BADFA7166, AA8C8F11B103E0139358A1C9, 80FB66E7DE868E687D899060,); "sourceTree" = "<group>"; };
  523BA886C947DD4240F83256 = { "isa" = "PBXBuildFile"; "fileRef" = 4FB5E5209AADA9BFB112340E; };
  5355DC67F27658226A93783E = { "isa" = "PBXFileReference"; "lastKnownFileType" = "sourcecode.swift"; "path" = "FreeBBS/Views/NativeSearchView.swift"; "sourceTree" = "<group>"; };
  53FF63E23E71B302C1638481 = { "isa" = "PBXBuildFile"; "fileRef" = 29B37DE6CAD7DB52674EB081; };
  5580CB64DA846E5BADFA7166 = { "isa" = "PBXFileReference"; "lastKnownFileType" = "text"; "path" = "FreeBBS/Resources/NativeInformation.json"; "sourceTree" = "<group>"; };
  581C613E0BAB4DD5D794FBAD = { "isa" = "PBXBuildFile"; "fileRef" = 0CE3FB1A776E3727A5BD7FB1; };
  5996933518C02112E6742C32 = { "isa" = "PBXBuildFile"; "fileRef" = 61C8D3BFE31FDEE1820CB451; };
  5AFADB46AAC66EC69C648AB9 = { "isa" = "PBXFileReference"; "lastKnownFileType" = "sourcecode.swift"; "path" = "FreeBBSTests/FeatureCoverageTests.swift"; "sourceTree" = "<group>"; };
  5B82A8A8C623A76A6F8835FB = { "isa" = "PBXFileReference"; "lastKnownFileType" = "sourcecode.swift"; "path" = "FreeBBS/Views/DiscussionView.swift"; "sourceTree" = "<group>"; };
  5C96851814F5E25CC0E098CB = { "isa" = "PBXFileReference"; "lastKnownFileType" = "sourcecode.swift"; "path" = "FreeBBS/Views/NativeMaxAttachmentsView.swift"; "sourceTree" = "<group>"; };
  5F089E65F6FD0781B1BEEEB2 = { "isa" = "PBXBuildFile"; "fileRef" = DA43D910FDD5C45E153CD524; };
  5F84BEF06132A2A04F4E7CCD = { "isa" = "PBXFileReference"; "lastKnownFileType" = "sourcecode.swift"; "path" = "FreeBBS/Core/APIClient.swift"; "sourceTree" = "<group>"; };
  5FE669C92DBC1CB12D2BB972 = { "isa" = "PBXBuildFile"; "fileRef" = 80FB66E7DE868E687D899060; };
  61C8D3BFE31FDEE1820CB451 = { "isa" = "PBXFileReference"; "lastKnownFileType" = "sourcecode.swift"; "path" = "FreeBBS/Views/NativeCircuitLibraryView.swift"; "sourceTree" = "<group>"; };
  6281EC08F9E63C45535B19CD = { "isa" = "PBXBuildFile"; "fileRef" = AA8C8F11B103E0139358A1C9; };
  62888FE313777900F0D70076 = { "isa" = "PBXBuildFile"; "fileRef" = 8AC553A77F956C51155453E6; };
  680BD058E884D42F1F657BE7 = { "isa" = "PBXFileReference"; "lastKnownFileType" = "text"; "path" = "FreeBBS/Resources/CommunityAgreement.md"; "sourceTree" = "<group>"; };
  685E48065A5B0A82EAD7962D = { "isa" = "PBXFileReference"; "lastKnownFileType" = "sourcecode.swift"; "path" = "FreeBBSTests/SceneInteractionTests.swift"; "sourceTree" = "<group>"; };
  6A4DF47398EB637B2EF7F7A6 = { "isa" = "PBXBuildFile"; "fileRef" = F013D33032151CB791D1B3F0; };
  6AB6980F1E2B959B93DE8F5D = { "isa" = "PBXFileReference"; "lastKnownFileType" = "sourcecode.swift"; "path" = "FreeBBS/Views/IdentityDecoration.swift"; "sourceTree" = "<group>"; };
  6AD7A12C83553FB027E43236 = { "isa" = "PBXGroup"; "name" = "FreeBBSUITests"; "children" = (B71E55FB0CF6F0434523D445,); "sourceTree" = "<group>"; };
  6B84F27BFA989DA65D6E29C3 = { "isa" = "PBXBuildFile"; "fileRef" = F4C10C55DADFEBDFDBFF6199; };
  6BF6618C514BD91C32C5182E = { "isa" = "PBXFileReference"; "lastKnownFileType" = "sourcecode.swift"; "path" = "FreeBBS/Core/MaxAttachments.swift"; "sourceTree" = "<group>"; };
  71AD35969329B434BBC1D3AD = { "isa" = "PBXBuildFile"; "fileRef" = A191B12A35D32BB23BF54C38; };
  71E5C89C83D96960CD8CF50A = { "isa" = "PBXFileReference"; "lastKnownFileType" = "sourcecode.swift"; "path" = "FreeBBS/Core/NativeMaxTask.swift"; "sourceTree" = "<group>"; };
  72A971B8861F97BF8A546A66 = { "isa" = "XCConfigurationList"; "buildConfigurations" = (FDFA0A86B9059EF7D6112A09, 396B24F25CBBA3A2983F0877,); "defaultConfigurationIsVisible" = 0; "defaultConfigurationName" = "Release"; };
  74241704E015CAAFFA4925BC = { "isa" = "PBXSourcesBuildPhase"; "buildActionMask" = 2147483647; "files" = (320CEB88DCEF53BB785DD61A, 041C54B6C1DE504697F217D5, F41330A7DCA743D0E531B653, 83E9909AAFABA99D4184C8FF, DF40AE24ED5BD32138C0E160, 862335890FF870BFE85CDFBC, 98150A6BA4302BD3536BD47F, 857C00A94759899FA3087EC7, 1CA3EA18E0BEF9E29C5E0783, 799056F337CF9E5E7679E574, 581C613E0BAB4DD5D794FBAD, 3EB96E935745B41ADAF963EC, 769F52E1838EE06E0F70768D, FC63784551FBC13AB3A1D15D, AF270E25C6CD355D791D50A5, 2F0AF847E36E11CC8C73A615, 81AE549D039B997F9BD0575E, D9B4A698F18C98950278002D, BD60F305B2DE0C6519E658BD, C69BEA51A4F10E3A09DB49F8, F13860451B9A462D16566245, 275BC119FD61E39F64B8A586, 01DD38CB6FBE47A2742DD5D8, 4D0FAFC8A237F514725BE980, CB551C5A2C3ADD5E5CA4C5B7, D6D567D372AC781A9574A00A, 129B21EE74E86C92CE049B57, C54B0141610CCF0D217655C3, B1B32F08484507E648CE4E12, 32C43B717CCC201B0AC63125, 62888FE313777900F0D70076, 092FF25E024CF98D7AC46B38, 53FF63E23E71B302C1638481, 885CEF828555B35DC26D8F75, 41A162D56EE5EAB00C5D04CE, 234A3E844ECE2B1C3AB488C1, BFB8A66665D106C6D25B8E61, 5996933518C02112E6742C32, 48B11EC936A751C55CE8BFF8, F936DDFCD96CED5AE2F31506, 16BB19B4CF4284C66A3C70AA, 5019F98606B7E172C3DB44B7, A70D1F33D58FABEF3C370F97, E93F086B767CE50876CCBD1E, 71AD35969329B434BBC1D3AD, 89BC47424BDEA6011A2ECCD5, 6A4DF47398EB637B2EF7F7A6, 2D83A5068079BD2F43ECE7CF, 7D2EE1141439C6F93EE405F1, 2EFE392C128BE1A186FE4BD6, 32649FD4EDE3F9FE76079C91, 523BA886C947DD4240F83256, 4D4CA017654F07C17CF1478F, 8239E97E5ABFCA25E2DFE913, 9083AE746BF6B3F6F720976F, 46FDE3CA9260AB3B1278479D, C3311BACF10B0A8797258032, 7791D09A4E8A245CB599781F, 279E1D15C83ACF3D569E4B7A, A12B45236A88D7FCFB3EDF70,); "runOnlyForDeploymentPostprocessing" = 0; };
  769F52E1838EE06E0F70768D = { "isa" = "PBXBuildFile"; "fileRef" = E583C00251DED1F052D3EEE5; };
  7791D09A4E8A245CB599781F = { "isa" = "PBXBuildFile"; "fileRef" = 4DE15C6384D526C881C3A2C6; };
  77D532987173302B3E858D52 = { "isa" = "PBXFileReference"; "lastKnownFileType" = "sourcecode.swift"; "path" = "FreeBBS/Views/HomeView.swift"; "sourceTree" = "<group>"; };
  799056F337CF9E5E7679E574 = { "isa" = "PBXBuildFile"; "fileRef" = 6BF6618C514BD91C32C5182E; };
  7D2EE1141439C6F93EE405F1 = { "isa" = "PBXBuildFile"; "fileRef" = 992182B26BFA6C903A830A8C; };
  7E19F91BCBACC83DB0551D42 = { "isa" = "PBXFileReference"; "lastKnownFileType" = "text"; "path" = "FreeBBS/Resources/NativeChallenge.js"; "sourceTree" = "<group>"; };
  80FB66E7DE868E687D899060 = { "isa" = "PBXFileReference"; "lastKnownFileType" = "text"; "path" = "FreeBBS/Resources/NativeGuide.json"; "sourceTree" = "<group>"; };
  81AE549D039B997F9BD0575E = { "isa" = "PBXBuildFile"; "fileRef" = DF0380243983619827B9936C; };
  8239E97E5ABFCA25E2DFE913 = { "isa" = "PBXBuildFile"; "fileRef" = 87C3092DADF4898D1FF8CA85; };
  835D5FE6A905C487019883D9 = { "isa" = "PBXFileReference"; "lastKnownFileType" = "sourcecode.swift"; "path" = "FreeBBS/Views/ProfileView.swift"; "sourceTree" = "<group>"; };
  83E9909AAFABA99D4184C8FF = { "isa" = "PBXBuildFile"; "fileRef" = 2F4086C711BD1682266D7BD8; };
  852215408F40CBB022797999 = { "isa" = "PBXBuildFile"; "fileRef" = 2AB09AE9155120AFBA106F1B; };
  857C00A94759899FA3087EC7 = { "isa" = "PBXBuildFile"; "fileRef" = 9F7B8E68CC60063E3B01BF68; };
  862335890FF870BFE85CDFBC = { "isa" = "PBXBuildFile"; "fileRef" = B9A6FA43638748DD975FC9CD; };
  86C5AEDB10E74E00FB9EBF71 = { "isa" = "PBXFileReference"; "lastKnownFileType" = "sourcecode.swift"; "path" = "FreeBBS/Core/CodeLaboratory.swift"; "sourceTree" = "<group>"; };
  87C3092DADF4898D1FF8CA85 = { "isa" = "PBXFileReference"; "lastKnownFileType" = "sourcecode.swift"; "path" = "FreeBBS/Views/NativeToolsView.swift"; "sourceTree" = "<group>"; };
  885CEF828555B35DC26D8F75 = { "isa" = "PBXBuildFile"; "fileRef" = 44B31F8A174CD1EBCA48C3B5; };
  89BC47424BDEA6011A2ECCD5 = { "isa" = "PBXBuildFile"; "fileRef" = 5C96851814F5E25CC0E098CB; };
  8AC553A77F956C51155453E6 = { "isa" = "PBXFileReference"; "lastKnownFileType" = "sourcecode.swift"; "path" = "FreeBBS/Views/InboxView.swift"; "sourceTree" = "<group>"; };
  8B7212A5EF49F64ACD4F072A = { "isa" = "XCBuildConfiguration"; "name" = "Release"; "buildSettings" = { "CLANG_ENABLE_MODULES" = "YES"; "ENABLE_TESTABILITY" = "NO"; "SWIFT_VERSION" = "6.0"; "SWIFT_STRICT_CONCURRENCY" = "complete"; "GCC_PREPROCESSOR_DEFINITIONS" = ("$(inherited)",); }; };
  8C2455277888E1E451DC3693 = { "isa" = "PBXBuildFile"; "fileRef" = 680BD058E884D42F1F657BE7; };
  9083AE746BF6B3F6F720976F = { "isa" = "PBXBuildFile"; "fileRef" = A5DBDC4ECAD3378B27A6D465; };
  925F9559CD7AF193EEBB541C = { "isa" = "PBXNativeTarget"; "buildConfigurationList" = 72A971B8861F97BF8A546A66; "buildPhases" = (CE7F0C926F57DCE3F8D860F6, F82B27D28F83F215950D3AAC, 9CA5F988CB7410291C9E9B76,); "buildRules" = (); "dependencies" = (A4F60CF14923F6E600E4FF33,); "name" = "FreeBBSTests"; "productName" = "FreeBBSTests"; "productReference" = AF4DEF6470A5807C1D25A84C; "productType" = "com.apple.product-type.bundle.unit-test"; };
  9392534D0A3662BBFB9FC154 = { "isa" = "PBXBuildFile"; "fileRef" = 9C05140497DEFC3DCE55E344; };
  93BFDC99A0AAE836274D190D = { "isa" = "PBXFileReference"; "lastKnownFileType" = "folder.iconcomposer.icon"; "path" = "FreeBBS/Resources/FreeBBSIcon.icon"; "sourceTree" = "<group>"; };
  9687739116B4FEAA3FF5E9C1 = { "isa" = "PBXFileReference"; "lastKnownFileType" = "sourcecode.swift"; "path" = "FreeBBS/Views/ContributionHeatmap.swift"; "sourceTree" = "<group>"; };
  972B9CA72F6146BF05D08BD2 = { "isa" = "PBXFileReference"; "lastKnownFileType" = "sourcecode.swift"; "path" = "FreeBBS/Views/NativeSchedulePlanner.swift"; "sourceTree" = "<group>"; };
  9788083BD201345E7D7C8B3C = { "isa" = "PBXFileReference"; "lastKnownFileType" = "text.xcconfig"; "path" = "Config/App.xcconfig"; "sourceTree" = "<group>"; };
  97F03075749B981F87097E58 = { "isa" = "PBXFileReference"; "lastKnownFileType" = "sourcecode.swift"; "path" = "FreeBBS/Views/ChatView.swift"; "sourceTree" = "<group>"; };
  98150A6BA4302BD3536BD47F = { "isa" = "PBXBuildFile"; "fileRef" = AE4071DC2D6AB1858074E5F8; };
  98F54143AB4E86B28C3AFEE0 = { "isa" = "PBXProject"; "attributes" = { "BuildIndependentTargetsInParallel" = "YES"; "LastUpgradeCheck" = "2600"; }; "buildConfigurationList" = BC7E287B75C6D3E574547D08; "compatibilityVersion" = "Xcode 14.0"; "developmentRegion" = "zh-Hans"; "hasScannedForEncodings" = 0; "knownRegions" = ("zh-Hans", "en", "Base",); "mainGroup" = B28B7AF69320201D1CF206EB; "productRefGroup" = FBDC4F23F93125BBEEAE800C; "projectDirPath" = ""; "projectRoot" = ""; "targets" = (2E05768812BDA65133A5A111, 925F9559CD7AF193EEBB541C, E80ADD60492E5E4E8596CA92,); };
  992182B26BFA6C903A830A8C = { "isa" = "PBXFileReference"; "lastKnownFileType" = "sourcecode.swift"; "path" = "FreeBBS/Views/NativeRanchView.swift"; "sourceTree" = "<group>"; };
  9A22D17A04D4D3586434F6D0 = { "isa" = "PBXFileReference"; "lastKnownFileType" = "sourcecode.swift"; "path" = "FreeBBS/Views/NativeAdminSurveys.swift"; "sourceTree" = "<group>"; };
  9B34B44F8980C877256C71C7 = { "isa" = "PBXFileReference"; "lastKnownFileType" = "sourcecode.swift"; "path" = "FreeBBS/Core/TokenVault.swift"; "sourceTree" = "<group>"; };
  9B64514127C73E95F1CF846B = { "isa" = "PBXFileReference"; "lastKnownFileType" = "sourcecode.swift"; "path" = "FreeBBS/App/AppStore.swift"; "sourceTree" = "<group>"; };
  9C05140497DEFC3DCE55E344 = { "isa" = "PBXFileReference"; "lastKnownFileType" = "text"; "path" = "FreeBBS/Resources/NativeCircuitParameters.js"; "sourceTree" = "<group>"; };
  9CA5F988CB7410291C9E9B76 = { "isa" = "PBXResourcesBuildPhase"; "buildActionMask" = 2147483647; "files" = (); "runOnlyForDeploymentPostprocessing" = 0; };
  9F7B8E68CC60063E3B01BF68 = { "isa" = "PBXFileReference"; "lastKnownFileType" = "sourcecode.swift"; "path" = "FreeBBS/Core/FeatureCatalog.swift"; "sourceTree" = "<group>"; };
  A07DD488284DDDC8F8B5297B = { "isa" = "PBXBuildFile"; "fileRef" = 5AFADB46AAC66EC69C648AB9; };
  A12B45236A88D7FCFB3EDF70 = { "isa" = "PBXBuildFile"; "fileRef" = CEEB980ACE284FBE4A64A4A3; };
  A191B12A35D32BB23BF54C38 = { "isa" = "PBXFileReference"; "lastKnownFileType" = "sourcecode.swift"; "path" = "FreeBBS/Views/NativeInformationView.swift"; "sourceTree" = "<group>"; };
  A3FE9AF90E22C7C045191E61 = { "isa" = "PBXFileReference"; "lastKnownFileType" = "sourcecode.swift"; "path" = "FreeBBSTests/RichContentTests.swift"; "sourceTree" = "<group>"; };
  A4F60CF14923F6E600E4FF33 = { "isa" = "PBXTargetDependency"; "target" = 2E05768812BDA65133A5A111; "targetProxy" = 4D06FC8B7E22D28BF1F181CD; };
  A51AD2580CD9C9F586AA2F17 = { "isa" = "PBXGroup"; "name" = "FreeBBSTests"; "children" = (4F40A4F3B6E80228A593FE62, C6B372A0C57B8E2AEAFA28A2, 3795E2CC5419718BFA467AE7, 5AFADB46AAC66EC69C648AB9, 1185B43412C8574FAEFE992E, A3FE9AF90E22C7C045191E61, 685E48065A5B0A82EAD7962D,); "sourceTree" = "<group>"; };
  A5DBDC4ECAD3378B27A6D465 = { "isa" = "PBXFileReference"; "lastKnownFileType" = "sourcecode.swift"; "path" = "FreeBBS/Views/NativeWorkbenchView.swift"; "sourceTree" = "<group>"; };
  A6512D7F18C2A2006F723880 = { "isa" = "PBXFileReference"; "explicitFileType" = "wrapper.application"; "includeInIndex" = 0; "path" = "FreeBBS.app"; "sourceTree" = "BUILT_PRODUCTS_DIR"; };
  A70D1F33D58FABEF3C370F97 = { "isa" = "PBXBuildFile"; "fileRef" = 1B0121B4EC924BFAF6FD87A0; };
  A8F68E045ED7FC27DB347F9A = { "isa" = "PBXFileReference"; "lastKnownFileType" = "sourcecode.swift"; "path" = "FreeBBS/Views/CourseFilesView.swift"; "sourceTree" = "<group>"; };
  AA8C8F11B103E0139358A1C9 = { "isa" = "PBXFileReference"; "lastKnownFileType" = "text"; "path" = "FreeBBS/Resources/StaffRoster.json"; "sourceTree" = "<group>"; };
  AB4C7652F2F48FF9C3AD1734 = { "isa" = "PBXFileReference"; "lastKnownFileType" = "sourcecode.swift"; "path" = "FreeBBS/Views/CoursesView.swift"; "sourceTree" = "<group>"; };
  AE4071DC2D6AB1858074E5F8 = { "isa" = "PBXFileReference"; "lastKnownFileType" = "sourcecode.swift"; "path" = "FreeBBS/Core/Cosmetics.swift"; "sourceTree" = "<group>"; };
  AEB727396C831370024802C4 = { "isa" = "XCBuildConfiguration"; "name" = "Debug"; "buildSettings" = { "PRODUCT_NAME" = "$(TARGET_NAME)"; "SDKROOT" = "iphoneos"; "SUPPORTED_PLATFORMS" = "iphoneos iphonesimulator"; "SWIFT_VERSION" = "6.0"; "IPHONEOS_DEPLOYMENT_TARGET" = "26.0"; "TARGETED_DEVICE_FAMILY" = "1"; "CODE_SIGN_STYLE" = "Automatic"; "DEVELOPMENT_TEAM" = "Q83556V27Y"; "SWIFT_STRICT_CONCURRENCY" = "complete"; "INFOPLIST_FILE" = "FreeBBS/Resources/Info.plist"; "GENERATE_INFOPLIST_FILE" = "NO"; "ASSETCATALOG_COMPILER_APPICON_NAME" = "FreeBBSIcon"; "ASSETCATALOG_COMPILER_GLOBAL_ACCENT_COLOR_NAME" = "AccentColor"; "ENABLE_PREVIEWS" = "YES"; "SWIFT_EMIT_LOC_STRINGS" = "YES"; "SWIFT_OPTIMIZATION_LEVEL" = "-Onone"; "SWIFT_ACTIVE_COMPILATION_CONDITIONS" = "DEBUG $(inherited)"; }; "baseConfigurationReference" = 9788083BD201345E7D7C8B3C; };
  AF270E25C6CD355D791D50A5 = { "isa" = "PBXBuildFile"; "fileRef" = 9B34B44F8980C877256C71C7; };
  AF4DEF6470A5807C1D25A84C = { "isa" = "PBXFileReference"; "explicitFileType" = "wrapper.cfbundle"; "includeInIndex" = 0; "path" = "FreeBBSTests.xctest"; "sourceTree" = "BUILT_PRODUCTS_DIR"; };
  B1457BF451A220C0782D9429 = { "isa" = "PBXBuildFile"; "fileRef" = 3795E2CC5419718BFA467AE7; };
  B16B665C32E3139DF34D70AC = { "isa" = "PBXFileReference"; "lastKnownFileType" = "sourcecode.swift"; "path" = "FreeBBS/Views/RootView.swift"; "sourceTree" = "<group>"; };
  B1ACC40AC9E12EB4E5C3C61C = { "isa" = "PBXFileReference"; "lastKnownFileType" = "sourcecode.swift"; "path" = "FreeBBS/Views/NativeCampusView.swift"; "sourceTree" = "<group>"; };
  B1B32F08484507E648CE4E12 = { "isa" = "PBXBuildFile"; "fileRef" = 77D532987173302B3E858D52; };
  B28B7AF69320201D1CF206EB = { "isa" = "PBXGroup"; "children" = (9788083BD201345E7D7C8B3C, 5196632A1D4052878CF57861, A51AD2580CD9C9F586AA2F17, 6AD7A12C83553FB027E43236, FBDC4F23F93125BBEEAE800C,); "sourceTree" = "<group>"; };
  B71E55FB0CF6F0434523D445 = { "isa" = "PBXFileReference"; "lastKnownFileType" = "sourcecode.swift"; "path" = "FreeBBSUITests/NavigationTests.swift"; "sourceTree" = "<group>"; };
  B78B2F76E8B2ADECED1B1885 = { "isa" = "PBXFileReference"; "lastKnownFileType" = "folder.assetcatalog"; "path" = "FreeBBS/Resources/Assets.xcassets"; "sourceTree" = "<group>"; };
  B9A6FA43638748DD975FC9CD = { "isa" = "PBXFileReference"; "lastKnownFileType" = "sourcecode.swift"; "path" = "FreeBBS/Core/ContributionActivity.swift"; "sourceTree" = "<group>"; };
  BAD92D198C56FC648B75FACA = { "isa" = "PBXBuildFile"; "fileRef" = F2A1A9881594308BDC9EE5DE; };
  BB7FF207CECCD79B8EC76D6C = { "isa" = "PBXBuildFile"; "fileRef" = 93BFDC99A0AAE836274D190D; };
  BC7E287B75C6D3E574547D08 = { "isa" = "XCConfigurationList"; "buildConfigurations" = (1C6332C759B35B5B3487F3CD, 8B7212A5EF49F64ACD4F072A,); "defaultConfigurationIsVisible" = 0; "defaultConfigurationName" = "Release"; };
  BD60F305B2DE0C6519E658BD = { "isa" = "PBXBuildFile"; "fileRef" = 97F03075749B981F87097E58; };
  BEA1D2B1F9E6719D716C8C3E = { "isa" = "XCConfigurationList"; "buildConfigurations" = (AEB727396C831370024802C4, 1B3004AF7C05DDC1221C8063,); "defaultConfigurationIsVisible" = 0; "defaultConfigurationName" = "Release"; };
  BEF4F04FE68B8ECE188C6D8A = { "isa" = "PBXFileReference"; "lastKnownFileType" = "sourcecode.swift"; "path" = "FreeBBS/Views/ChallengeControls.swift"; "sourceTree" = "<group>"; };
  BFB8A66665D106C6D25B8E61 = { "isa" = "PBXBuildFile"; "fileRef" = B1ACC40AC9E12EB4E5C3C61C; };
  C19E1778819B60759422019B = { "isa" = "PBXFileReference"; "lastKnownFileType" = "sourcecode.swift"; "path" = "FreeBBS/Views/NativeCodeLabView.swift"; "sourceTree" = "<group>"; };
  C28941CAEAC07DDCF36315C9 = { "isa" = "PBXFrameworksBuildPhase"; "buildActionMask" = 2147483647; "files" = (); "runOnlyForDeploymentPostprocessing" = 0; };
  C3311BACF10B0A8797258032 = { "isa" = "PBXBuildFile"; "fileRef" = 835D5FE6A905C487019883D9; };
  C54B0141610CCF0D217655C3 = { "isa" = "PBXBuildFile"; "fileRef" = 21CD53300D8590ACC6721FB9; };
  C5E9C8CD2CCFB9CFDCB3F0C7 = { "isa" = "PBXFrameworksBuildPhase"; "buildActionMask" = 2147483647; "files" = (); "runOnlyForDeploymentPostprocessing" = 0; };
  C69BEA51A4F10E3A09DB49F8 = { "isa" = "PBXBuildFile"; "fileRef" = CC21AA63552D452DE0EA4189; };
  C6B372A0C57B8E2AEAFA28A2 = { "isa" = "PBXFileReference"; "lastKnownFileType" = "sourcecode.swift"; "path" = "FreeBBSTests/CoreTests.swift"; "sourceTree" = "<group>"; };
  C7671684133A5C3B6CC3C6A2 = { "isa" = "PBXFileReference"; "lastKnownFileType" = "sourcecode.swift"; "path" = "FreeBBS/Views/NativeRanchScene.swift"; "sourceTree" = "<group>"; };
  C7FF8FBAD1D1C462691867AC = { "isa" = "PBXFileReference"; "lastKnownFileType" = "sourcecode.swift"; "path" = "FreeBBS/Views/NativeDiscussionControls.swift"; "sourceTree" = "<group>"; };
  C91EA325693B3AF664815970 = { "isa" = "PBXBuildFile"; "fileRef" = F41B5040D13CE984B8E471CA; };
  C9B88643940160EB204F0EFE = { "isa" = "PBXFileReference"; "lastKnownFileType" = "sourcecode.swift"; "path" = "FreeBBS/Views/ConnectedAccountAuthorization.swift"; "sourceTree" = "<group>"; };
  CB551C5A2C3ADD5E5CA4C5B7 = { "isa" = "PBXBuildFile"; "fileRef" = A8F68E045ED7FC27DB347F9A; };
  CC21AA63552D452DE0EA4189 = { "isa" = "PBXFileReference"; "lastKnownFileType" = "sourcecode.swift"; "path" = "FreeBBS/Views/CheckInView.swift"; "sourceTree" = "<group>"; };
  CDF317B97C356A919083707B = { "isa" = "PBXFileReference"; "lastKnownFileType" = "sourcecode.swift"; "path" = "FreeBBS/App/FreeBBSApp.swift"; "sourceTree" = "<group>"; };
  CE7F0C926F57DCE3F8D860F6 = { "isa" = "PBXSourcesBuildPhase"; "buildActionMask" = 2147483647; "files" = (EFBCC9020C0446C615A52F56, F6E8A5A0D81EA89BE173F49D, B1457BF451A220C0782D9429, A07DD488284DDDC8F8B5297B, 27D674E14D53DBDE0A00BECF, 4EF0DD36043968EEA054FEF4, 394A172C91BE91E47AFA6FC5,); "runOnlyForDeploymentPostprocessing" = 0; };
  CEEB980ACE284FBE4A64A4A3 = { "isa" = "PBXFileReference"; "lastKnownFileType" = "sourcecode.swift"; "path" = "FreeBBS/Views/SiteFileImport.swift"; "sourceTree" = "<group>"; };
  D460B433ACDF83E2AF7DAE43 = { "isa" = "PBXFileReference"; "lastKnownFileType" = "sourcecode.swift"; "path" = "FreeBBS/Core/SiteImports.swift"; "sourceTree" = "<group>"; };
  D6D567D372AC781A9574A00A = { "isa" = "PBXBuildFile"; "fileRef" = AB4C7652F2F48FF9C3AD1734; };
  D9B4A698F18C98950278002D = { "isa" = "PBXBuildFile"; "fileRef" = BEF4F04FE68B8ECE188C6D8A; };
  DA43D910FDD5C45E153CD524 = { "isa" = "PBXFileReference"; "lastKnownFileType" = "text"; "path" = "FreeBBS/Resources/RanchPreview.html"; "sourceTree" = "<group>"; };
  DCE991BDD4A90A90B40AC944 = { "isa" = "PBXFileReference"; "lastKnownFileType" = "sourcecode.swift"; "path" = "FreeBBS/Views/LaboratoryView.swift"; "sourceTree" = "<group>"; };
  DD294354645CED6A8C450D02 = { "isa" = "PBXFileReference"; "lastKnownFileType" = "text"; "path" = "FreeBBS/Resources/RendererLicenses.txt"; "sourceTree" = "<group>"; };
  DE60B6C26E86B5D6E20F41A3 = { "isa" = "PBXFileReference"; "explicitFileType" = "wrapper.cfbundle"; "includeInIndex" = 0; "path" = "FreeBBSUITests.xctest"; "sourceTree" = "BUILT_PRODUCTS_DIR"; };
  DF0380243983619827B9936C = { "isa" = "PBXFileReference"; "lastKnownFileType" = "sourcecode.swift"; "path" = "FreeBBS/Views/AuthenticationView.swift"; "sourceTree" = "<group>"; };
  DF40AE24ED5BD32138C0E160 = { "isa" = "PBXBuildFile"; "fileRef" = 86C5AEDB10E74E00FB9EBF71; };
  E130FF60A859B53D0497E56A = { "isa" = "PBXFileReference"; "lastKnownFileType" = "sourcecode.swift"; "path" = "FreeBBS/Views/NativeCourseEditor.swift"; "sourceTree" = "<group>"; };
  E3AF2305E4CE9792892BD548 = { "isa" = "PBXFileReference"; "lastKnownFileType" = "sourcecode.swift"; "path" = "FreeBBS/Views/NativeWorkspaceComponents.swift"; "sourceTree" = "<group>"; };
  E583C00251DED1F052D3EEE5 = { "isa" = "PBXFileReference"; "lastKnownFileType" = "sourcecode.swift"; "path" = "FreeBBS/Core/NativeWorkspace.swift"; "sourceTree" = "<group>"; };
  E7C7F2499A57E6315AB3DAA4 = { "isa" = "PBXBuildFile"; "fileRef" = 7E19F91BCBACC83DB0551D42; };
  E7D392C02DD0D396FFE2D932 = { "isa" = "PBXFileReference"; "lastKnownFileType" = "sourcecode.swift"; "path" = "FreeBBS/Views/NativeAdministrationView.swift"; "sourceTree" = "<group>"; };
  E7F99232ED81DEFA306798CB = { "isa" = "PBXTargetDependency"; "target" = 2E05768812BDA65133A5A111; "targetProxy" = 49C4038FD63DD5F3AC33F284; };
  E80ADD60492E5E4E8596CA92 = { "isa" = "PBXNativeTarget"; "buildConfigurationList" = 1A4D773DA1FF841B05483DEA; "buildPhases" = (1848FE8ABB13E07658B6BCF1, C28941CAEAC07DDCF36315C9, 4DDF004BF5746280C345B3E9,); "buildRules" = (); "dependencies" = (E7F99232ED81DEFA306798CB,); "name" = "FreeBBSUITests"; "productName" = "FreeBBSUITests"; "productReference" = DE60B6C26E86B5D6E20F41A3; "productType" = "com.apple.product-type.bundle.ui-testing"; };
  E93F086B767CE50876CCBD1E = { "isa" = "PBXBuildFile"; "fileRef" = 1987F4158DD7EC055EC2DF6B; };
  EFBCC9020C0446C615A52F56 = { "isa" = "PBXBuildFile"; "fileRef" = 4F40A4F3B6E80228A593FE62; };
  F013D33032151CB791D1B3F0 = { "isa" = "PBXFileReference"; "lastKnownFileType" = "sourcecode.swift"; "path" = "FreeBBS/Views/NativeMaxLibrary.swift"; "sourceTree" = "<group>"; };
  F13860451B9A462D16566245 = { "isa" = "PBXBuildFile"; "fileRef" = 49B7B1B148BC53E75E7A5989; };
  F2A1A9881594308BDC9EE5DE = { "isa" = "PBXFileReference"; "lastKnownFileType" = "text"; "path" = "FreeBBS/Resources/NativeCircuitViewport.js"; "sourceTree" = "<group>"; };
  F41330A7DCA743D0E531B653 = { "isa" = "PBXBuildFile"; "fileRef" = 5F84BEF06132A2A04F4E7CCD; };
  F41B5040D13CE984B8E471CA = { "isa" = "PBXFileReference"; "lastKnownFileType" = "text.xml"; "path" = "FreeBBS/Resources/PrivacyInfo.xcprivacy"; "sourceTree" = "<group>"; };
  F4C10C55DADFEBDFDBFF6199 = { "isa" = "PBXFileReference"; "lastKnownFileType" = "text"; "path" = "FreeBBS/Resources/RichContent.html"; "sourceTree" = "<group>"; };
  F5BFA0E8E5DA8C9F89F3871C = { "isa" = "PBXFileReference"; "lastKnownFileType" = "text"; "path" = "FreeBBS/Resources/ToolPreview.html"; "sourceTree" = "<group>"; };
  F6E8A5A0D81EA89BE173F49D = { "isa" = "PBXBuildFile"; "fileRef" = C6B372A0C57B8E2AEAFA28A2; };
  F82B27D28F83F215950D3AAC = { "isa" = "PBXFrameworksBuildPhase"; "buildActionMask" = 2147483647; "files" = (); "runOnlyForDeploymentPostprocessing" = 0; };
  F8CB133804DFFF3C6CCD3F4B = { "isa" = "PBXBuildFile"; "fileRef" = B71E55FB0CF6F0434523D445; };
  F936DDFCD96CED5AE2F31506 = { "isa" = "PBXBuildFile"; "fileRef" = E130FF60A859B53D0497E56A; };
  FBDC4F23F93125BBEEAE800C = { "isa" = "PBXGroup"; "name" = "Products"; "children" = (A6512D7F18C2A2006F723880, AF4DEF6470A5807C1D25A84C, DE60B6C26E86B5D6E20F41A3,); "sourceTree" = "<group>"; };
  FC63784551FBC13AB3A1D15D = { "isa" = "PBXBuildFile"; "fileRef" = D460B433ACDF83E2AF7DAE43; };
  FDFA0A86B9059EF7D6112A09 = { "isa" = "XCBuildConfiguration"; "name" = "Debug"; "buildSettings" = { "PRODUCT_NAME" = "$(TARGET_NAME)"; "SDKROOT" = "iphoneos"; "SUPPORTED_PLATFORMS" = "iphoneos iphonesimulator"; "SWIFT_VERSION" = "6.0"; "IPHONEOS_DEPLOYMENT_TARGET" = "26.0"; "TARGETED_DEVICE_FAMILY" = "1"; "CODE_SIGN_STYLE" = "Automatic"; "DEVELOPMENT_TEAM" = "Q83556V27Y"; "SWIFT_STRICT_CONCURRENCY" = "complete"; "PRODUCT_BUNDLE_IDENTIFIER" = "cn.free-bbs.app.FreeBBSTests"; "GENERATE_INFOPLIST_FILE" = "YES"; "TEST_HOST" = "$(BUILT_PRODUCTS_DIR)/FreeBBS.app/$(BUNDLE_EXECUTABLE_FOLDER_PATH)/FreeBBS"; "BUNDLE_LOADER" = "$(TEST_HOST)"; "SWIFT_OPTIMIZATION_LEVEL" = "-Onone"; "SWIFT_ACTIVE_COMPILATION_CONDITIONS" = "DEBUG $(inherited)"; }; };
  FF5E5BDF5B796484E5C20E5C = { "isa" = "PBXFileReference"; "lastKnownFileType" = "sourcecode.swift"; "path" = "FreeBBS/Core/FeatureWebPolicy.swift"; "sourceTree" = "<group>"; };
 };
 rootObject = 98F54143AB4E86B28C3AFEE0;
}
